version = 1
revision = 3
requires-python = ">=3.14"

[[package]]
name = "pyserial"
version = "3.5"
source = { registry = "https://pypi.org/simple" }
sdist = { url = "https://files.pythonhosted.org/packages/1e/7d/ae3f0a63f41e4d2f6cb66a5b57197850f919f59e558159a4dd3a818f5082/pyserial-3.5.tar.gz", hash = "sha256:3c77e014170dfffbd816e6ffc205e9842efb10be9f58ec16d3e8675b4925cddb", size = 159125, upload-time = "2020-11-23T03:59:15.045Z" }
wheels = [
    { url = "https://files.pythonhosted.org/packages/07/bc/587a445451b253b285629263eb51c2d8e9bcea4fc97826266d186f96f558/pyserial-3.5-py2.py3-none-any.whl", hash = "sha256:c4451db6ba391ca6ca299fb3ec7bae67a5c55dde170964c7a14ceefec02f2cf0", size = 90585, upload-time = "2020-11-23T03:59:13.41Z" },
]

[[package]]
name = "tinyflux"
version = "1.2.0"
source = { registry = "https://pypi.org/simple" }
sdist = { url = "https://files.pythonhosted.org/packages/62/d6/5e04766bead683b9fcb854eacf6aa5ea2a80acad921ddf47a0756460a5d1/tinyflux-1.2.0.tar.gz", hash = "sha256:727a069ea8e4946c7c607005d7637b9ca48a4e47a7f7b7d5fb39b3b30a4e1dc3", size = 65470, upload-time = "2026-01-26T18:41:48.336Z" }
wheels = [
    { url = "https://files.pythonhosted.org/packages/ef/b2/c91d46913cb02f89283faa47782a12ca3316ed84fcdd62fd303343f7c2a3/tinyflux-1.2.0-py3-none-any.whl", hash = "sha256:8af3b1f95bedaafb791c7c3b9c3e6e941f05623a470676401d9e4c0f068bbc7a", size = 38644, upload-time = "2026-01-26T18:41:46.902Z" },
]

[[package]]
name = "weather"
version = "0.1.0"
source = { editable = "." }
dependencies = [
    { name = "pyserial" },
    { name = "tinyflux" },
]

[package.metadata]
requires-dist = [
    { name = "pyserial", specifier = ">=3.5" },
    { name = "tinyflux", specifier = ">=1.2.0" },
]
